// !$*UTF8*$!
{
	archiveVersion = 1;
	classes = {
	};
	objectVersion = 47;
	objects = {

/* Begin PBXBuildFile section */
		4B0F2F7061EF2E54E331B06D /* Pods_fidgetswipe_iosUITests.framework in Frameworks */ = {isa = PBXBuildFile; fileRef = 42B5466B120DDB57B628DA5D /* Pods_fidgetswipe_iosUITests.framework */; };
		5F98DE388DB8535BF0937528 /* Pods_fidgetswipe_iosTests.framework in Frameworks */ = {isa = PBXBuildFile; fileRef = 9F8AE2447B3289BDF4D06D38 /* Pods_fidgetswipe_iosTests.framework */; };
		970131A71F0FA64E00E9B267 /* AppDelegate.swift in Sources */ = {isa = PBXBuildFile; fileRef = 970131A61F0FA64E00E9B267 /* AppDelegate.swift */; };
		970131A91F0FA64E00E9B267 /* ViewController.swift in Sources */ = {isa = PBXBuildFile; fileRef = 970131A81F0FA64E00E9B267 /* ViewController.swift */; };
		970131AC1F0FA64E00E9B267 /* Main.storyboard in Resources */ = {isa = PBXBuildFile; fileRef = 970131AA1F0FA64E00E9B267 /* Main.storyboard */; };
		970131AE1F0FA64E00E9B267 /* Assets.xcassets in Resources */ = {isa = PBXBuildFile; fileRef = 970131AD1F0FA64E00E9B267 /* Assets.xcassets */; };
		970131B11F0FA64E00E9B267 /* LaunchScreen.storyboard in Resources */ = {isa = PBXBuildFile; fileRef = 970131AF1F0FA64E00E9B267 /* LaunchScreen.storyboard */; };
		970131BC1F0FA64E00E9B267 /* fidgetswipe_iosTests.swift in Sources */ = {isa = PBXBuildFile; fileRef = 970131BB1F0FA64E00E9B267 /* fidgetswipe_iosTests.swift */; };
		970131C71F0FA64E00E9B267 /* fidgetswipe_iosUITests.swift in Sources */ = {isa = PBXBuildFile; fileRef = 970131C61F0FA64E00E9B267 /* fidgetswipe_iosUITests.swift */; };
		972D6A0B1F139418004FB923 /* ExtraButton.swift in Sources */ = {isa = PBXBuildFile; fileRef = 972D6A0A1F139418004FB923 /* ExtraButton.swift */; };
		974594E61F0FAA290078E736 /* LeaderboardManager.swift in Sources */ = {isa = PBXBuildFile; fileRef = 974594E51F0FAA290078E736 /* LeaderboardManager.swift */; };
		97B669A41F10DBFA0079D7CB /* GameKit.framework in Frameworks */ = {isa = PBXBuildFile; fileRef = 97B669A31F10DBFA0079D7CB /* GameKit.framework */; };
		97BFCDD51F0FBB5D00FAE239 /* GoogleService-Info.plist in Resources */ = {isa = PBXBuildFile; fileRef = 97BFCDD41F0FBB5D00FAE239 /* GoogleService-Info.plist */; };
		97BFCDD71F0FC78200FAE239 /* Game.swift in Sources */ = {isa = PBXBuildFile; fileRef = 97BFCDD61F0FC78200FAE239 /* Game.swift */; };
		97BFCDDE1F0FC83C00FAE239 /* Action.swift in Sources */ = {isa = PBXBuildFile; fileRef = 97BFCDDD1F0FC83C00FAE239 /* Action.swift */; };
		97BFCDE01F0FE30400FAE239 /* TurnData.swift in Sources */ = {isa = PBXBuildFile; fileRef = 97BFCDDF1F0FE30400FAE239 /* TurnData.swift */; };
		97CEF4A81F12200F004EE8E6 /* String+Hash.swift in Sources */ = {isa = PBXBuildFile; fileRef = 97CEF4A71F12200F004EE8E6 /* String+Hash.swift */; };
		97CEF4AD1F1223F9004EE8E6 /* Label+UpdateCenter.swift in Sources */ = {isa = PBXBuildFile; fileRef = 97CEF4AC1F1223F9004EE8E6 /* Label+UpdateCenter.swift */; };
		C49A787BD61A8741C647969B /* Pods_fidgetswipe_ios.framework in Frameworks */ = {isa = PBXBuildFile; fileRef = 86DE2F427AA4277B57C5C492 /* Pods_fidgetswipe_ios.framework */; };
/* End PBXBuildFile section */

/* Begin PBXContainerItemProxy section */
		970131B81F0FA64E00E9B267 /* PBXContainerItemProxy */ = {
			isa = PBXContainerItemProxy;
			containerPortal = 9701319B1F0FA64D00E9B267 /* Project object */;
			proxyType = 1;
			remoteGlobalIDString = 970131A21F0FA64E00E9B267;
			remoteInfo = "fidgetswipe-ios";
		};
		970131C31F0FA64E00E9B267 /* PBXContainerItemProxy */ = {
			isa = PBXContainerItemProxy;
			containerPortal = 9701319B1F0FA64D00E9B267 /* Project object */;
			proxyType = 1;
			remoteGlobalIDString = 970131A21F0FA64E00E9B267;
			remoteInfo = "fidgetswipe-ios";
		};
/* End PBXContainerItemProxy section */

/* Begin PBXFileReference section */
		0112475AD9193C3230482AB5 /* Pods-fidgetswipe-ios.debug.xcconfig */ = {isa = PBXFileReference; includeInIndex = 1; lastKnownFileType = text.xcconfig; name = "Pods-fidgetswipe-ios.debug.xcconfig"; path = "Pods/Target Support Files/Pods-fidgetswipe-ios/Pods-fidgetswipe-ios.debug.xcconfig"; sourceTree = "<group>"; };
		35E06F5EF8964DA4B5041A64 /* Pods-fidgetswipe-iosTests.debug.xcconfig */ = {isa = PBXFileReference; includeInIndex = 1; lastKnownFileType = text.xcconfig; name = "Pods-fidgetswipe-iosTests.debug.xcconfig"; path = "Pods/Target Support Files/Pods-fidgetswipe-iosTests/Pods-fidgetswipe-iosTests.debug.xcconfig"; sourceTree = "<group>"; };
		42B5466B120DDB57B628DA5D /* Pods_fidgetswipe_iosUITests.framework */ = {isa = PBXFileReference; explicitFileType = wrapper.framework; includeInIndex = 0; path = Pods_fidgetswipe_iosUITests.framework; sourceTree = BUILT_PRODUCTS_DIR; };
		79C38EAB6F3B90D9629632BF /* Pods-fidgetswipe-iosUITests.release.xcconfig */ = {isa = PBXFileReference; includeInIndex = 1; lastKnownFileType = text.xcconfig; name = "Pods-fidgetswipe-iosUITests.release.xcconfig"; path = "Pods/Target Support Files/Pods-fidgetswipe-iosUITests/Pods-fidgetswipe-iosUITests.release.xcconfig"; sourceTree = "<group>"; };
		86DE2F427AA4277B57C5C492 /* Pods_fidgetswipe_ios.framework */ = {isa = PBXFileReference; explicitFileType = wrapper.framework; includeInIndex = 0; path = Pods_fidgetswipe_ios.framework; sourceTree = BUILT_PRODUCTS_DIR; };
		970131A31F0FA64E00E9B267 /* fidgetswipe-ios.app */ = {isa = PBXFileReference; explicitFileType = wrapper.application; includeInIndex = 0; path = "fidgetswipe-ios.app"; sourceTree = BUILT_PRODUCTS_DIR; };
		970131A61F0FA64E00E9B267 /* AppDelegate.swift */ = {isa = PBXFileReference; lastKnownFileType = sourcecode.swift; path = AppDelegate.swift; sourceTree = "<group>"; };
		970131A81F0FA64E00E9B267 /* ViewController.swift */ = {isa = PBXFileReference; lastKnownFileType = sourcecode.swift; path = ViewController.swift; sourceTree = "<group>"; };
		970131AB1F0FA64E00E9B267 /* Base */ = {isa = PBXFileReference; lastKnownFileType = file.storyboard; name = Base; path = Base.lproj/Main.storyboard; sourceTree = "<group>"; };
		970131AD1F0FA64E00E9B267 /* Assets.xcassets */ = {isa = PBXFileReference; lastKnownFileType = folder.assetcatalog; path = Assets.xcassets; sourceTree = "<group>"; };
		970131B01F0FA64E00E9B267 /* Base */ = {isa = PBXFileReference; lastKnownFileType = file.storyboard; name = Base; path = Base.lproj/LaunchScreen.storyboard; sourceTree = "<group>"; };
		970131B21F0FA64E00E9B267 /* Info.plist */ = {isa = PBXFileReference; lastKnownFileType = text.plist.xml; path = Info.plist; sourceTree = "<group>"; };
		970131B71F0FA64E00E9B267 /* fidgetswipe-iosTests.xctest */ = {isa = PBXFileReference; explicitFileType = wrapper.cfbundle; includeInIndex = 0; path = "fidgetswipe-iosTests.xctest"; sourceTree = BUILT_PRODUCTS_DIR; };
		970131BB1F0FA64E00E9B267 /* fidgetswipe_iosTests.swift */ = {isa = PBXFileReference; lastKnownFileType = sourcecode.swift; path = fidgetswipe_iosTests.swift; sourceTree = "<group>"; };
		970131BD1F0FA64E00E9B267 /* Info.plist */ = {isa = PBXFileReference; lastKnownFileType = text.plist.xml; path = Info.plist; sourceTree = "<group>"; };
		970131C21F0FA64E00E9B267 /* fidgetswipe-iosUITests.xctest */ = {isa = PBXFileReference; explicitFileType = wrapper.cfbundle; includeInIndex = 0; path = "fidgetswipe-iosUITests.xctest"; sourceTree = BUILT_PRODUCTS_DIR; };
		970131C61F0FA64E00E9B267 /* fidgetswipe_iosUITests.swift */ = {isa = PBXFileReference; lastKnownFileType = sourcecode.swift; path = fidgetswipe_iosUITests.swift; sourceTree = "<group>"; };
		970131C81F0FA64E00E9B267 /* Info.plist */ = {isa = PBXFileReference; lastKnownFileType = text.plist.xml; path = Info.plist; sourceTree = "<group>"; };
		972D6A0A1F139418004FB923 /* ExtraButton.swift */ = {isa = PBXFileReference; fileEncoding = 4; lastKnownFileType = sourcecode.swift; path = ExtraButton.swift; sourceTree = "<group>"; };
		974594E51F0FAA290078E736 /* LeaderboardManager.swift */ = {isa = PBXFileReference; fileEncoding = 4; lastKnownFileType = sourcecode.swift; path = LeaderboardManager.swift; sourceTree = "<group>"; };
		97B669A31F10DBFA0079D7CB /* GameKit.framework */ = {isa = PBXFileReference; lastKnownFileType = wrapper.framework; name = GameKit.framework; path = System/Library/Frameworks/GameKit.framework; sourceTree = SDKROOT; };
		97BFCDD41F0FBB5D00FAE239 /* GoogleService-Info.plist */ = {isa = PBXFileReference; fileEncoding = 4; lastKnownFileType = text.plist.xml; path = "GoogleService-Info.plist"; sourceTree = "<group>"; };
		97BFCDD61F0FC78200FAE239 /* Game.swift */ = {isa = PBXFileReference; fileEncoding = 4; lastKnownFileType = sourcecode.swift; path = Game.swift; sourceTree = "<group>"; };
		97BFCDDD1F0FC83C00FAE239 /* Action.swift */ = {isa = PBXFileReference; fileEncoding = 4; lastKnownFileType = sourcecode.swift; path = Action.swift; sourceTree = "<group>"; };
		97BFCDDF1F0FE30400FAE239 /* TurnData.swift */ = {isa = PBXFileReference; fileEncoding = 4; lastKnownFileType = sourcecode.swift; path = TurnData.swift; sourceTree = "<group>"; };
		97CEF4A71F12200F004EE8E6 /* String+Hash.swift */ = {isa = PBXFileReference; fileEncoding = 4; lastKnownFileType = sourcecode.swift; path = "String+Hash.swift"; sourceTree = "<group>"; };
		97CEF4A91F122048004EE8E6 /* fidgetswipe-ios-Bridging-Header.h */ = {isa = PBXFileReference; lastKnownFileType = sourcecode.c.h; path = "fidgetswipe-ios-Bridging-Header.h"; sourceTree = "<group>"; };
		97CEF4AC1F1223F9004EE8E6 /* Label+UpdateCenter.swift */ = {isa = PBXFileReference; fileEncoding = 4; lastKnownFileType = sourcecode.swift; path = "Label+UpdateCenter.swift"; sourceTree = "<group>"; };
		9F8AE2447B3289BDF4D06D38 /* Pods_fidgetswipe_iosTests.framework */ = {isa = PBXFileReference; explicitFileType = wrapper.framework; includeInIndex = 0; path = Pods_fidgetswipe_iosTests.framework; sourceTree = BUILT_PRODUCTS_DIR; };
		A57B3D95EAB80D57CA002040 /* Pods-fidgetswipe-iosUITests.debug.xcconfig */ = {isa = PBXFileReference; includeInIndex = 1; lastKnownFileType = text.xcconfig; name = "Pods-fidgetswipe-iosUITests.debug.xcconfig"; path = "Pods/Target Support Files/Pods-fidgetswipe-iosUITests/Pods-fidgetswipe-iosUITests.debug.xcconfig"; sourceTree = "<group>"; };
		C403F0872668D0DDD02523A7 /* Pods-fidgetswipe-ios.release.xcconfig */ = {isa = PBXFileReference; includeInIndex = 1; lastKnownFileType = text.xcconfig; name = "Pods-fidgetswipe-ios.release.xcconfig"; path = "Pods/Target Support Files/Pods-fidgetswipe-ios/Pods-fidgetswipe-ios.release.xcconfig"; sourceTree = "<group>"; };
		D7B515206B9BAE8CA8BA486D /* Pods-fidgetswipe-iosTests.release.xcconfig */ = {isa = PBXFileReference; includeInIndex = 1; lastKnownFileType = text.xcconfig; name = "Pods-fidgetswipe-iosTests.release.xcconfig"; path = "Pods/Target Support Files/Pods-fidgetswipe-iosTests/Pods-fidgetswipe-iosTests.release.xcconfig"; sourceTree = "<group>"; };
/* End PBXFileReference section */

/* Begin PBXFrameworksBuildPhase section */
		970131A01F0FA64E00E9B267 /* Frameworks */ = {
			isa = PBXFrameworksBuildPhase;
			buildActionMask = 2147483647;
			files = (
				C49A787BD61A8741C647969B /* Pods_fidgetswipe_ios.framework in Frameworks */,
				97B669A41F10DBFA0079D7CB /* GameKit.framework in Frameworks */,
			);
			runOnlyForDeploymentPostprocessing = 0;
		};
		970131B41F0FA64E00E9B267 /* Frameworks */ = {
			isa = PBXFrameworksBuildPhase;
			buildActionMask = 2147483647;
			files = (
				5F98DE388DB8535BF0937528 /* Pods_fidgetswipe_iosTests.framework in Frameworks */,
			);
			runOnlyForDeploymentPostprocessing = 0;
		};
		970131BF1F0FA64E00E9B267 /* Frameworks */ = {
			isa = PBXFrameworksBuildPhase;
			buildActionMask = 2147483647;
			files = (
				4B0F2F7061EF2E54E331B06D /* Pods_fidgetswipe_iosUITests.framework in Frameworks */,
			);
			runOnlyForDeploymentPostprocessing = 0;
		};
/* End PBXFrameworksBuildPhase section */

/* Begin PBXGroup section */
		1B0A51B7B0D02E346B9CBF8B /* Frameworks */ = {
			isa = PBXGroup;
			children = (
				97B669A31F10DBFA0079D7CB /* GameKit.framework */,
				86DE2F427AA4277B57C5C492 /* Pods_fidgetswipe_ios.framework */,
				9F8AE2447B3289BDF4D06D38 /* Pods_fidgetswipe_iosTests.framework */,
				42B5466B120DDB57B628DA5D /* Pods_fidgetswipe_iosUITests.framework */,
			);
			name = Frameworks;
			sourceTree = "<group>";
		};
		9701319A1F0FA64D00E9B267 = {
			isa = PBXGroup;
			children = (
				970131A51F0FA64E00E9B267 /* fidgetswipe-ios */,
				970131BA1F0FA64E00E9B267 /* fidgetswipe-iosTests */,
				970131C51F0FA64E00E9B267 /* fidgetswipe-iosUITests */,
				970131A41F0FA64E00E9B267 /* Products */,
				D1BBA55BED128F96645E9A9A /* Pods */,
				1B0A51B7B0D02E346B9CBF8B /* Frameworks */,
			);
			sourceTree = "<group>";
		};
		970131A41F0FA64E00E9B267 /* Products */ = {
			isa = PBXGroup;
			children = (
				970131A31F0FA64E00E9B267 /* fidgetswipe-ios.app */,
				970131B71F0FA64E00E9B267 /* fidgetswipe-iosTests.xctest */,
				970131C21F0FA64E00E9B267 /* fidgetswipe-iosUITests.xctest */,
			);
			name = Products;
			sourceTree = "<group>";
		};
		970131A51F0FA64E00E9B267 /* fidgetswipe-ios */ = {
			isa = PBXGroup;
			children = (
				970131A61F0FA64E00E9B267 /* AppDelegate.swift */,
				970131A81F0FA64E00E9B267 /* ViewController.swift */,
				97CEF4A71F12200F004EE8E6 /* String+Hash.swift */,
				97CEF4AC1F1223F9004EE8E6 /* Label+UpdateCenter.swift */,
				972D6A0C1F13942B004FB923 /* View */,
				97BFCDE11F0FE9C000FAE239 /* Leaderboard */,
				97BFCDDA1F0FC81100FAE239 /* Game Model */,
				970131AA1F0FA64E00E9B267 /* Main.storyboard */,
				970131AD1F0FA64E00E9B267 /* Assets.xcassets */,
				970131AF1F0FA64E00E9B267 /* LaunchScreen.storyboard */,
				970131B21F0FA64E00E9B267 /* Info.plist */,
				97BFCDD41F0FBB5D00FAE239 /* GoogleService-Info.plist */,
				97CEF4A91F122048004EE8E6 /* fidgetswipe-ios-Bridging-Header.h */,
			);
			path = "fidgetswipe-ios";
			sourceTree = "<group>";
		};
		970131BA1F0FA64E00E9B267 /* fidgetswipe-iosTests */ = {
			isa = PBXGroup;
			children = (
				970131BB1F0FA64E00E9B267 /* fidgetswipe_iosTests.swift */,
				970131BD1F0FA64E00E9B267 /* Info.plist */,
			);
			path = "fidgetswipe-iosTests";
			sourceTree = "<group>";
		};
		970131C51F0FA64E00E9B267 /* fidgetswipe-iosUITests */ = {
			isa = PBXGroup;
			children = (
				970131C61F0FA64E00E9B267 /* fidgetswipe_iosUITests.swift */,
				970131C81F0FA64E00E9B267 /* Info.plist */,
			);
			path = "fidgetswipe-iosUITests";
			sourceTree = "<group>";
		};
		972D6A0C1F13942B004FB923 /* View */ = {
			isa = PBXGroup;
			children = (
				972D6A0A1F139418004FB923 /* ExtraButton.swift */,
			);
			name = View;
			sourceTree = "<group>";
		};
		97BFCDDA1F0FC81100FAE239 /* Game Model */ = {
			isa = PBXGroup;
			children = (
				97BFCDD61F0FC78200FAE239 /* Game.swift */,
				97BFCDDF1F0FE30400FAE239 /* TurnData.swift */,
				97BFCDDD1F0FC83C00FAE239 /* Action.swift */,
			);
			name = "Game Model";
			sourceTree = "<group>";
		};
		97BFCDE11F0FE9C000FAE239 /* Leaderboard */ = {
			isa = PBXGroup;
			children = (
				974594E51F0FAA290078E736 /* LeaderboardManager.swift */,
			);
			name = Leaderboard;
			sourceTree = "<group>";
		};
		D1BBA55BED128F96645E9A9A /* Pods */ = {
			isa = PBXGroup;
			children = (
				0112475AD9193C3230482AB5 /* Pods-fidgetswipe-ios.debug.xcconfig */,
				C403F0872668D0DDD02523A7 /* Pods-fidgetswipe-ios.release.xcconfig */,
				35E06F5EF8964DA4B5041A64 /* Pods-fidgetswipe-iosTests.debug.xcconfig */,
				D7B515206B9BAE8CA8BA486D /* Pods-fidgetswipe-iosTests.release.xcconfig */,
				A57B3D95EAB80D57CA002040 /* Pods-fidgetswipe-iosUITests.debug.xcconfig */,
				79C38EAB6F3B90D9629632BF /* Pods-fidgetswipe-iosUITests.release.xcconfig */,
			);
			name = Pods;
			sourceTree = "<group>";
		};
/* End PBXGroup section */

/* Begin PBXNativeTarget section */
		970131A21F0FA64E00E9B267 /* fidgetswipe-ios */ = {
			isa = PBXNativeTarget;
			buildConfigurationList = 970131CB1F0FA64E00E9B267 /* Build configuration list for PBXNativeTarget "fidgetswipe-ios" */;
			buildPhases = (
				CE4D44FDD316815CF02D1006 /* [CP] Check Pods Manifest.lock */,
				9701319F1F0FA64E00E9B267 /* Sources */,
				970131A01F0FA64E00E9B267 /* Frameworks */,
				970131A11F0FA64E00E9B267 /* Resources */,
				517AEEC2CF81ED766B5C107F /* [CP] Embed Pods Frameworks */,
				317E536BC4CC19BF21364C43 /* [CP] Copy Pods Resources */,
			);
			buildRules = (
			);
			dependencies = (
			);
			name = "fidgetswipe-ios";
			productName = "fidgetswipe-ios";
			productReference = 970131A31F0FA64E00E9B267 /* fidgetswipe-ios.app */;
			productType = "com.apple.product-type.application";
		};
		970131B61F0FA64E00E9B267 /* fidgetswipe-iosTests */ = {
			isa = PBXNativeTarget;
			buildConfigurationList = 970131CE1F0FA64E00E9B267 /* Build configuration list for PBXNativeTarget "fidgetswipe-iosTests" */;
			buildPhases = (
				03BEAA4BB7BDD4EA86535C7B /* [CP] Check Pods Manifest.lock */,
				970131B31F0FA64E00E9B267 /* Sources */,
				970131B41F0FA64E00E9B267 /* Frameworks */,
				970131B51F0FA64E00E9B267 /* Resources */,
				844E5830381431582F214D28 /* [CP] Embed Pods Frameworks */,
				03871B0F58B8AAD2000BAF8C /* [CP] Copy Pods Resources */,
			);
			buildRules = (
			);
			dependencies = (
				970131B91F0FA64E00E9B267 /* PBXTargetDependency */,
			);
			name = "fidgetswipe-iosTests";
			productName = "fidgetswipe-iosTests";
			productReference = 970131B71F0FA64E00E9B267 /* fidgetswipe-iosTests.xctest */;
			productType = "com.apple.product-type.bundle.unit-test";
		};
		970131C11F0FA64E00E9B267 /* fidgetswipe-iosUITests */ = {
			isa = PBXNativeTarget;
			buildConfigurationList = 970131D11F0FA64E00E9B267 /* Build configuration list for PBXNativeTarget "fidgetswipe-iosUITests" */;
			buildPhases = (
				21D465653A13E3C821238615 /* [CP] Check Pods Manifest.lock */,
				970131BE1F0FA64E00E9B267 /* Sources */,
				970131BF1F0FA64E00E9B267 /* Frameworks */,
				970131C01F0FA64E00E9B267 /* Resources */,
				FF5F3BBD20564C39F5B7AE01 /* [CP] Embed Pods Frameworks */,
				05B8CE5A96AFFD3F86B8FE66 /* [CP] Copy Pods Resources */,
			);
			buildRules = (
			);
			dependencies = (
				970131C41F0FA64E00E9B267 /* PBXTargetDependency */,
			);
			name = "fidgetswipe-iosUITests";
			productName = "fidgetswipe-iosUITests";
			productReference = 970131C21F0FA64E00E9B267 /* fidgetswipe-iosUITests.xctest */;
			productType = "com.apple.product-type.bundle.ui-testing";
		};
/* End PBXNativeTarget section */

/* Begin PBXProject section */
		9701319B1F0FA64D00E9B267 /* Project object */ = {
			isa = PBXProject;
			attributes = {
				LastSwiftUpdateCheck = 0830;
				LastUpgradeCheck = 0830;
				ORGANIZATIONNAME = "Bradley Mackey";
				TargetAttributes = {
					970131A21F0FA64E00E9B267 = {
						CreatedOnToolsVersion = 8.3.3;
						DevelopmentTeam = U2GCDMVV7S;
						LastSwiftMigration = 0830;
						ProvisioningStyle = Automatic;
						SystemCapabilities = {
							com.apple.GameCenter = {
								enabled = 1;
							};
						};
					};
					970131B61F0FA64E00E9B267 = {
						CreatedOnToolsVersion = 8.3.3;
						DevelopmentTeam = U2GCDMVV7S;
						ProvisioningStyle = Automatic;
						TestTargetID = 970131A21F0FA64E00E9B267;
					};
					970131C11F0FA64E00E9B267 = {
						CreatedOnToolsVersion = 8.3.3;
						DevelopmentTeam = U2GCDMVV7S;
						ProvisioningStyle = Automatic;
						TestTargetID = 970131A21F0FA64E00E9B267;
					};
				};
			};
			buildConfigurationList = 9701319E1F0FA64D00E9B267 /* Build configuration list for PBXProject "fidgetswipe-ios" */;
			compatibilityVersion = "Xcode 6.3";
			developmentRegion = English;
			hasScannedForEncodings = 0;
			knownRegions = (
				en,
				Base,
			);
			mainGroup = 9701319A1F0FA64D00E9B267;
			productRefGroup = 970131A41F0FA64E00E9B267 /* Products */;
			projectDirPath = "";
			projectRoot = "";
			targets = (
				970131A21F0FA64E00E9B267 /* fidgetswipe-ios */,
				970131B61F0FA64E00E9B267 /* fidgetswipe-iosTests */,
				970131C11F0FA64E00E9B267 /* fidgetswipe-iosUITests */,
			);
		};
/* End PBXProject section */

/* Begin PBXResourcesBuildPhase section */
		970131A11F0FA64E00E9B267 /* Resources */ = {
			isa = PBXResourcesBuildPhase;
			buildActionMask = 2147483647;
			files = (
				970131B11F0FA64E00E9B267 /* LaunchScreen.storyboard in Resources */,
				97BFCDD51F0FBB5D00FAE239 /* GoogleService-Info.plist in Resources */,
				970131AE1F0FA64E00E9B267 /* Assets.xcassets in Resources */,
				970131AC1F0FA64E00E9B267 /* Main.storyboard in Resources */,
			);
			runOnlyForDeploymentPostprocessing = 0;
		};
		970131B51F0FA64E00E9B267 /* Resources */ = {
			isa = PBXResourcesBuildPhase;
			buildActionMask = 2147483647;
			files = (
			);
			runOnlyForDeploymentPostprocessing = 0;
		};
		970131C01F0FA64E00E9B267 /* Resources */ = {
			isa = PBXResourcesBuildPhase;
			buildActionMask = 2147483647;
			files = (
			);
			runOnlyForDeploymentPostprocessing = 0;
		};
/* End PBXResourcesBuildPhase section */

/* Begin PBXShellScriptBuildPhase section */
		03871B0F58B8AAD2000BAF8C /* [CP] Copy Pods Resources */ = {
			isa = PBXShellScriptBuildPhase;
			buildActionMask = 2147483647;
			files = (
			);
			inputPaths = (
			);
			name = "[CP] Copy Pods Resources";
			outputPaths = (
			);
			runOnlyForDeploymentPostprocessing = 0;
			shellPath = /bin/sh;
			shellScript = "\"${SRCROOT}/Pods/Target Support Files/Pods-fidgetswipe-iosTests/Pods-fidgetswipe-iosTests-resources.sh\"\n";
			showEnvVarsInLog = 0;
		};
		03BEAA4BB7BDD4EA86535C7B /* [CP] Check Pods Manifest.lock */ = {
			isa = PBXShellScriptBuildPhase;
			buildActionMask = 2147483647;
			files = (
			);
			inputPaths = (
			);
			name = "[CP] Check Pods Manifest.lock";
			outputPaths = (
			);
			runOnlyForDeploymentPostprocessing = 0;
			shellPath = /bin/sh;
			shellScript = "diff \"${PODS_PODFILE_DIR_PATH}/Podfile.lock\" \"${PODS_ROOT}/Manifest.lock\" > /dev/null\nif [ $? != 0 ] ; then\n    # print error to STDERR\n    echo \"error: The sandbox is not in sync with the Podfile.lock. Run 'pod install' or update your CocoaPods installation.\" >&2\n    exit 1\nfi\n";
			showEnvVarsInLog = 0;
		};
		05B8CE5A96AFFD3F86B8FE66 /* [CP] Copy Pods Resources */ = {
			isa = PBXShellScriptBuildPhase;
			buildActionMask = 2147483647;
			files = (
			);
			inputPaths = (
			);
			name = "[CP] Copy Pods Resources";
			outputPaths = (
			);
			runOnlyForDeploymentPostprocessing = 0;
			shellPath = /bin/sh;
			shellScript = "\"${SRCROOT}/Pods/Target Support Files/Pods-fidgetswipe-iosUITests/Pods-fidgetswipe-iosUITests-resources.sh\"\n";
			showEnvVarsInLog = 0;
		};
		21D465653A13E3C821238615 /* [CP] Check Pods Manifest.lock */ = {
			isa = PBXShellScriptBuildPhase;
			buildActionMask = 2147483647;
			files = (
			);
			inputPaths = (
			);
			name = "[CP] Check Pods Manifest.lock";
			outputPaths = (
			);
			runOnlyForDeploymentPostprocessing = 0;
			shellPath = /bin/sh;
			shellScript = "diff \"${PODS_PODFILE_DIR_PATH}/Podfile.lock\" \"${PODS_ROOT}/Manifest.lock\" > /dev/null\nif [ $? != 0 ] ; then\n    # print error to STDERR\n    echo \"error: The sandbox is not in sync with the Podfile.lock. Run 'pod install' or update your CocoaPods installation.\" >&2\n    exit 1\nfi\n";
			showEnvVarsInLog = 0;
		};
		317E536BC4CC19BF21364C43 /* [CP] Copy Pods Resources */ = {
			isa = PBXShellScriptBuildPhase;
			buildActionMask = 2147483647;
			files = (
			);
			inputPaths = (
			);
			name = "[CP] Copy Pods Resources";
			outputPaths = (
			);
			runOnlyForDeploymentPostprocessing = 0;
			shellPath = /bin/sh;
			shellScript = "\"${SRCROOT}/Pods/Target Support Files/Pods-fidgetswipe-ios/Pods-fidgetswipe-ios-resources.sh\"\n";
			showEnvVarsInLog = 0;
		};
		517AEEC2CF81ED766B5C107F /* [CP] Embed Pods Frameworks */ = {
			isa = PBXShellScriptBuildPhase;
			buildActionMask = 2147483647;
			files = (
			);
			inputPaths = (
			);
			name = "[CP] Embed Pods Frameworks";
			outputPaths = (
			);
			runOnlyForDeploymentPostprocessing = 0;
			shellPath = /bin/sh;
			shellScript = "\"${SRCROOT}/Pods/Target Support Files/Pods-fidgetswipe-ios/Pods-fidgetswipe-ios-frameworks.sh\"\n";
			showEnvVarsInLog = 0;
		};
		844E5830381431582F214D28 /* [CP] Embed Pods Frameworks */ = {
			isa = PBXShellScriptBuildPhase;
			buildActionMask = 2147483647;
			files = (
			);
			inputPaths = (
			);
			name = "[CP] Embed Pods Frameworks";
			outputPaths = (
			);
			runOnlyForDeploymentPostprocessing = 0;
			shellPath = /bin/sh;
			shellScript = "\"${SRCROOT}/Pods/Target Support Files/Pods-fidgetswipe-iosTests/Pods-fidgetswipe-iosTests-frameworks.sh\"\n";
			showEnvVarsInLog = 0;
		};
		CE4D44FDD316815CF02D1006 /* [CP] Check Pods Manifest.lock */ = {
			isa = PBXShellScriptBuildPhase;
			buildActionMask = 2147483647;
			files = (
			);
			inputPaths = (
			);
			name = "[CP] Check Pods Manifest.lock";
			outputPaths = (
			);
			runOnlyForDeploymentPostprocessing = 0;
			shellPath = /bin/sh;
			shellScript = "diff \"${PODS_PODFILE_DIR_PATH}/Podfile.lock\" \"${PODS_ROOT}/Manifest.lock\" > /dev/null\nif [ $? != 0 ] ; then\n    # print error to STDERR\n    echo \"error: The sandbox is not in sync with the Podfile.lock. Run 'pod install' or update your CocoaPods installation.\" >&2\n    exit 1\nfi\n";
			showEnvVarsInLog = 0;
		};
		FF5F3BBD20564C39F5B7AE01 /* [CP] Embed Pods Frameworks */ = {
			isa = PBXShellScriptBuildPhase;
			buildActionMask = 2147483647;
			files = (
			);
			inputPaths = (
			);
			name = "[CP] Embed Pods Frameworks";
			outputPaths = (
			);
			runOnlyForDeploymentPostprocessing = 0;
			shellPath = /bin/sh;
			shellScript = "\"${SRCROOT}/Pods/Target Support Files/Pods-fidgetswipe-iosUITests/Pods-fidgetswipe-iosUITests-frameworks.sh\"\n";
			showEnvVarsInLog = 0;
		};
/* End PBXShellScriptBuildPhase section */

/* Begin PBXSourcesBuildPhase section */
		9701319F1F0FA64E00E9B267 /* Sources */ = {
			isa = PBXSourcesBuildPhase;
			buildActionMask = 2147483647;
			files = (
				970131A91F0FA64E00E9B267 /* ViewController.swift in Sources */,
				974594E61F0FAA290078E736 /* LeaderboardManager.swift in Sources */,
				972D6A0B1F139418004FB923 /* ExtraButton.swift in Sources */,
				97CEF4AD1F1223F9004EE8E6 /* Label+UpdateCenter.swift in Sources */,
				97BFCDE01F0FE30400FAE239 /* TurnData.swift in Sources */,
				97CEF4A81F12200F004EE8E6 /* String+Hash.swift in Sources */,
				97BFCDDE1F0FC83C00FAE239 /* Action.swift in Sources */,
				970131A71F0FA64E00E9B267 /* AppDelegate.swift in Sources */,
				97BFCDD71F0FC78200FAE239 /* Game.swift in Sources */,
			);
			runOnlyForDeploymentPostprocessing = 0;
		};
		970131B31F0FA64E00E9B267 /* Sources */ = {
			isa = PBXSourcesBuildPhase;
			buildActionMask = 2147483647;
			files = (
				970131BC1F0FA64E00E9B267 /* fidgetswipe_iosTests.swift in Sources */,
			);
			runOnlyForDeploymentPostprocessing = 0;
		};
		970131BE1F0FA64E00E9B267 /* Sources */ = {
			isa = PBXSourcesBuildPhase;
			buildActionMask = 2147483647;
			files = (
				970131C71F0FA64E00E9B267 /* fidgetswipe_iosUITests.swift in Sources */,
			);
			runOnlyForDeploymentPostprocessing = 0;
		};
/* End PBXSourcesBuildPhase section */

/* Begin PBXTargetDependency section */
		970131B91F0FA64E00E9B267 /* PBXTargetDependency */ = {
			isa = PBXTargetDependency;
			target = 970131A21F0FA64E00E9B267 /* fidgetswipe-ios */;
			targetProxy = 970131B81F0FA64E00E9B267 /* PBXContainerItemProxy */;
		};
		970131C41F0FA64E00E9B267 /* PBXTargetDependency */ = {
			isa = PBXTargetDependency;
			target = 970131A21F0FA64E00E9B267 /* fidgetswipe-ios */;
			targetProxy = 970131C31F0FA64E00E9B267 /* PBXContainerItemProxy */;
		};
/* End PBXTargetDependency section */

/* Begin PBXVariantGroup section */
		970131AA1F0FA64E00E9B267 /* Main.storyboard */ = {
			isa = PBXVariantGroup;
			children = (
				970131AB1F0FA64E00E9B267 /* Base */,
			);
			name = Main.storyboard;
			sourceTree = "<group>";
		};
		970131AF1F0FA64E00E9B267 /* LaunchScreen.storyboard */ = {
			isa = PBXVariantGroup;
			children = (
				970131B01F0FA64E00E9B267 /* Base */,
			);
			name = LaunchScreen.storyboard;
			sourceTree = "<group>";
		};
/* End PBXVariantGroup section */

/* Begin XCBuildConfiguration section */
		970131C91F0FA64E00E9B267 /* Debug */ = {
			isa = XCBuildConfiguration;
			buildSettings = {
				ALWAYS_SEARCH_USER_PATHS = NO;
				CLANG_ANALYZER_NONNULL = YES;
				CLANG_ANALYZER_NUMBER_OBJECT_CONVERSION = YES_AGGRESSIVE;
				CLANG_CXX_LANGUAGE_STANDARD = "gnu++0x";
				CLANG_CXX_LIBRARY = "libc++";
				CLANG_ENABLE_MODULES = YES;
				CLANG_ENABLE_OBJC_ARC = YES;
				CLANG_WARN_BOOL_CONVERSION = YES;
				CLANG_WARN_CONSTANT_CONVERSION = YES;
				CLANG_WARN_DIRECT_OBJC_ISA_USAGE = YES_ERROR;
				CLANG_WARN_DOCUMENTATION_COMMENTS = YES;
				CLANG_WARN_EMPTY_BODY = YES;
				CLANG_WARN_ENUM_CONVERSION = YES;
				CLANG_WARN_INFINITE_RECURSION = YES;
				CLANG_WARN_INT_CONVERSION = YES;
				CLANG_WARN_OBJC_ROOT_CLASS = YES_ERROR;
				CLANG_WARN_SUSPICIOUS_MOVE = YES;
				CLANG_WARN_UNREACHABLE_CODE = YES;
				CLANG_WARN__DUPLICATE_METHOD_MATCH = YES;
				"CODE_SIGN_IDENTITY[sdk=iphoneos*]" = "iPhone Developer";
				COPY_PHASE_STRIP = NO;
				DEBUG_INFORMATION_FORMAT = dwarf;
				ENABLE_STRICT_OBJC_MSGSEND = YES;
				ENABLE_TESTABILITY = YES;
				GCC_C_LANGUAGE_STANDARD = gnu99;
				GCC_DYNAMIC_NO_PIC = NO;
				GCC_NO_COMMON_BLOCKS = YES;
				GCC_OPTIMIZATION_LEVEL = 0;
				GCC_PREPROCESSOR_DEFINITIONS = (
					"DEBUG=1",
					"$(inherited)",
				);
				GCC_WARN_64_TO_32_BIT_CONVERSION = YES;
				GCC_WARN_ABOUT_RETURN_TYPE = YES_ERROR;
				GCC_WARN_UNDECLARED_SELECTOR = YES;
				GCC_WARN_UNINITIALIZED_AUTOS = YES_AGGRESSIVE;
				GCC_WARN_UNUSED_FUNCTION = YES;
				GCC_WARN_UNUSED_VARIABLE = YES;
				IPHONEOS_DEPLOYMENT_TARGET = 10.3;
				MTL_ENABLE_DEBUG_INFO = YES;
				ONLY_ACTIVE_ARCH = YES;
				SDKROOT = iphoneos;
				SWIFT_ACTIVE_COMPILATION_CONDITIONS = DEBUG;
				SWIFT_OPTIMIZATION_LEVEL = "-Onone";
			};
			name = Debug;
		};
		970131CA1F0FA64E00E9B267 /* Release */ = {
			isa = XCBuildConfiguration;
			buildSettings = {
				ALWAYS_SEARCH_USER_PATHS = NO;
				CLANG_ANALYZER_NONNULL = YES;
				CLANG_ANALYZER_NUMBER_OBJECT_CONVERSION = YES_AGGRESSIVE;
				CLANG_CXX_LANGUAGE_STANDARD = "gnu++0x";
				CLANG_CXX_LIBRARY = "libc++";
				CLANG_ENABLE_MODULES = YES;
				CLANG_ENABLE_OBJC_ARC = YES;
				CLANG_WARN_BOOL_CONVERSION = YES;
				CLANG_WARN_CONSTANT_CONVERSION = YES;
				CLANG_WARN_DIRECT_OBJC_ISA_USAGE = YES_ERROR;
				CLANG_WARN_DOCUMENTATION_COMMENTS = YES;
				CLANG_WARN_EMPTY_BODY = YES;
				CLANG_WARN_ENUM_CONVERSION = YES;
				CLANG_WARN_INFINITE_RECURSION = YES;
				CLANG_WARN_INT_CONVERSION = YES;
				CLANG_WARN_OBJC_ROOT_CLASS = YES_ERROR;
				CLANG_WARN_SUSPICIOUS_MOVE = YES;
				CLANG_WARN_UNREACHABLE_CODE = YES;
				CLANG_WARN__DUPLICATE_METHOD_MATCH = YES;
				"CODE_SIGN_IDENTITY[sdk=iphoneos*]" = "iPhone Developer";
				COPY_PHASE_STRIP = NO;
				DEBUG_INFORMATION_FORMAT = "dwarf-with-dsym";
				ENABLE_NS_ASSERTIONS = NO;
				ENABLE_STRICT_OBJC_MSGSEND = YES;
				GCC_C_LANGUAGE_STANDARD = gnu99;
				GCC_NO_COMMON_BLOCKS = YES;
				GCC_WARN_64_TO_32_BIT_CONVERSION = YES;
				GCC_WARN_ABOUT_RETURN_TYPE = YES_ERROR;
				GCC_WARN_UNDECLARED_SELECTOR = YES;
				GCC_WARN_UNINITIALIZED_AUTOS = YES_AGGRESSIVE;
				GCC_WARN_UNUSED_FUNCTION = YES;
				GCC_WARN_UNUSED_VARIABLE = YES;
				IPHONEOS_DEPLOYMENT_TARGET = 10.3;
				MTL_ENABLE_DEBUG_INFO = NO;
				SDKROOT = iphoneos;
				SWIFT_OPTIMIZATION_LEVEL = "-Owholemodule";
				VALIDATE_PRODUCT = YES;
			};
			name = Release;
		};
		970131CC1F0FA64E00E9B267 /* Debug */ = {
			isa = XCBuildConfiguration;
			baseConfigurationReference = 0112475AD9193C3230482AB5 /* Pods-fidgetswipe-ios.debug.xcconfig */;
			buildSettings = {
				ASSETCATALOG_COMPILER_APPICON_NAME = AppIcon;
				CLANG_ENABLE_MODULES = YES;
				DEVELOPMENT_TEAM = U2GCDMVV7S;
				INFOPLIST_FILE = "fidgetswipe-ios/Info.plist";
				IPHONEOS_DEPLOYMENT_TARGET = 9.0;
				LD_RUNPATH_SEARCH_PATHS = "$(inherited) @executable_path/Frameworks";
				PRODUCT_BUNDLE_IDENTIFIER = com.bradleymackey.fidgetphone;
				PRODUCT_NAME = "$(TARGET_NAME)";
				SWIFT_OBJC_BRIDGING_HEADER = "fidgetswipe-ios/fidgetswipe-ios-Bridging-Header.h";
				SWIFT_OPTIMIZATION_LEVEL = "-Onone";
				SWIFT_VERSION = 3.0;
			};
			name = Debug;
		};
		970131CD1F0FA64E00E9B267 /* Release */ = {
			isa = XCBuildConfiguration;
			baseConfigurationReference = C403F0872668D0DDD02523A7 /* Pods-fidgetswipe-ios.release.xcconfig */;
			buildSettings = {
				ASSETCATALOG_COMPILER_APPICON_NAME = AppIcon;
				CLANG_ENABLE_MODULES = YES;
				DEVELOPMENT_TEAM = U2GCDMVV7S;
				INFOPLIST_FILE = "fidgetswipe-ios/Info.plist";
				IPHONEOS_DEPLOYMENT_TARGET = 9.0;
				LD_RUNPATH_SEARCH_PATHS = "$(inherited) @executable_path/Frameworks";
				PRODUCT_BUNDLE_IDENTIFIER = com.bradleymackey.fidgetphone;
				PRODUCT_NAME = "$(TARGET_NAME)";
				SWIFT_OBJC_BRIDGING_HEADER = "fidgetswipe-ios/fidgetswipe-ios-Bridging-Header.h";
				SWIFT_VERSION = 3.0;
			};
			name = Release;
		};
		970131CF1F0FA64E00E9B267 /* Debug */ = {
			isa = XCBuildConfiguration;
			baseConfigurationReference = 35E06F5EF8964DA4B5041A64 /* Pods-fidgetswipe-iosTests.debug.xcconfig */;
			buildSettings = {
				ALWAYS_EMBED_SWIFT_STANDARD_LIBRARIES = YES;
				BUNDLE_LOADER = "$(TEST_HOST)";
				DEVELOPMENT_TEAM = U2GCDMVV7S;
				INFOPLIST_FILE = "fidgetswipe-iosTests/Info.plist";
				LD_RUNPATH_SEARCH_PATHS = "$(inherited) @executable_path/Frameworks @loader_path/Frameworks";
				PRODUCT_BUNDLE_IDENTIFIER = "com.bradleymackey.fidgetswipe-iosTests";
				PRODUCT_NAME = "$(TARGET_NAME)";
				SWIFT_VERSION = 3.0;
				TEST_HOST = "$(BUILT_PRODUCTS_DIR)/fidgetswipe-ios.app/fidgetswipe-ios";
			};
			name = Debug;
		};
		970131D01F0FA64E00E9B267 /* Release */ = {
			isa = XCBuildConfiguration;
			baseConfigurationReference = D7B515206B9BAE8CA8BA486D /* Pods-fidgetswipe-iosTests.release.xcconfig */;
			buildSettings = {
				ALWAYS_EMBED_SWIFT_STANDARD_LIBRARIES = YES;
				BUNDLE_LOADER = "$(TEST_HOST)";
				DEVELOPMENT_TEAM = U2GCDMVV7S;
				INFOPLIST_FILE = "fidgetswipe-iosTests/Info.plist";
				LD_RUNPATH_SEARCH_PATHS = "$(inherited) @executable_path/Frameworks @loader_path/Frameworks";
				PRODUCT_BUNDLE_IDENTIFIER = "com.bradleymackey.fidgetswipe-iosTests";
				PRODUCT_NAME = "$(TARGET_NAME)";
				SWIFT_VERSION = 3.0;
				TEST_HOST = "$(BUILT_PRODUCTS_DIR)/fidgetswipe-ios.app/fidgetswipe-ios";
			};
			name = Release;
		};
		970131D21F0FA64E00E9B267 /* Debug */ = {
			isa = XCBuildConfiguration;
			baseConfigurationReference = A57B3D95EAB80D57CA002040 /* Pods-fidgetswipe-iosUITests.debug.xcconfig */;
			buildSettings = {
				ALWAYS_EMBED_SWIFT_STANDARD_LIBRARIES = YES;
				DEVELOPMENT_TEAM = U2GCDMVV7S;
				INFOPLIST_FILE = "fidgetswipe-iosUITests/Info.plist";
				LD_RUNPATH_SEARCH_PATHS = "$(inherited) @executable_path/Frameworks @loader_path/Frameworks";
				PRODUCT_BUNDLE_IDENTIFIER = "com.bradleymackey.fidgetswipe-iosUITests";
				PRODUCT_NAME = "$(TARGET_NAME)";
				SWIFT_VERSION = 3.0;
				TEST_TARGET_NAME = "fidgetswipe-ios";
			};
			name = Debug;
		};
		970131D31F0FA64E00E9B267 /* Release */ = {
			isa = XCBuildConfiguration;
			baseConfigurationReference = 79C38EAB6F3B90D9629632BF /* Pods-fidgetswipe-iosUITests.release.xcconfig */;
			buildSettings = {
				ALWAYS_EMBED_SWIFT_STANDARD_LIBRARIES = YES;
				DEVELOPMENT_TEAM = U2GCDMVV7S;
				INFOPLIST_FILE = "fidgetswipe-iosUITests/Info.plist";
				LD_RUNPATH_SEARCH_PATHS = "$(inherited) @executable_path/Frameworks @loader_path/Frameworks";
				PRODUCT_BUNDLE_IDENTIFIER = "com.bradleymackey.fidgetswipe-iosUITests";
				PRODUCT_NAME = "$(TARGET_NAME)";
				SWIFT_VERSION = 3.0;
				TEST_TARGET_NAME = "fidgetswipe-ios";
			};
			name = Release;
		};
/* End XCBuildConfiguration section */

/* Begin XCConfigurationList section */
		9701319E1F0FA64D00E9B267 /* Build configuration list for PBXProject "fidgetswipe-ios" */ = {
			isa = XCConfigurationList;
			buildConfigurations = (
				970131C91F0FA64E00E9B267 /* Debug */,
				970131CA1F0FA64E00E9B267 /* Release */,
			);
			defaultConfigurationIsVisible = 0;
			defaultConfigurationName = Release;
		};
		970131CB1F0FA64E00E9B267 /* Build configuration list for PBXNativeTarget "fidgetswipe-ios" */ = {
			isa = XCConfigurationList;
			buildConfigurations = (
				970131CC1F0FA64E00E9B267 /* Debug */,
				970131CD1F0FA64E00E9B267 /* Release */,
			);
			defaultConfigurationIsVisible = 0;
			defaultConfigurationName = Release;
		};
		970131CE1F0FA64E00E9B267 /* Build configuration list for PBXNativeTarget "fidgetswipe-iosTests" */ = {
			isa = XCConfigurationList;
			buildConfigurations = (
				970131CF1F0FA64E00E9B267 /* Debug */,
				970131D01F0FA64E00E9B267 /* Release */,
			);
			defaultConfigurationIsVisible = 0;
			defaultConfigurationName = Release;
		};
		970131D11F0FA64E00E9B267 /* Build configuration list for PBXNativeTarget "fidgetswipe-iosUITests" */ = {
			isa = XCConfigurationList;
			buildConfigurations = (
				970131D21F0FA64E00E9B267 /* Debug */,
				970131D31F0FA64E00E9B267 /* Release */,
			);
			defaultConfigurationIsVisible = 0;
			defaultConfigurationName = Release;
		};
/* End XCConfigurationList section */
	};
	rootObject = 9701319B1F0FA64D00E9B267 /* Project object */;
}
